
Microsoft Visual Studio Solution File, Format Version 12.00
# Visual Studio Version 16
VisualStudioVersion = 16.0.30907.101
MinimumVisualStudioVersion = 10.0.40219.1
Project("{9A19103F-16F7-4668-BE54-9A1E7A4F7556}") = "HarabaSourceGenerators.Common", "HarabaSourceGenerators.Common\HarabaSourceGenerators.Common.csproj", "{D66624A2-B2DA-4DA2-817E-DBA54EEDD2A7}"
EndProject
Project("{9A19103F-16F7-4668-BE54-9A1E7A4F7556}") = "HarabaSourceGenerators.Generators", "HarabaSourceGenerators.Generators\HarabaSourceGenerators.Generators.csproj", "{9B301679-A05D-4BED-8C45-F45E4311089A}"
EndProject
Project("{9A19103F-16F7-4668-BE54-9A1E7A4F7556}") = "HarabaSourceGenerators.Demo", "HarabaSourceGenerators.Demo\HarabaSourceGenerators.Demo.csproj", "{66792CB8-92B0-4915-BE84-81CC75E38E7C}"
EndProject
Global
	GlobalSection(SolutionConfigurationPlatforms) = preSolution
		Debug|Any CPU = Debug|Any CPU
		Release|Any CPU = Release|Any CPU
	EndGlobalSection
	GlobalSection(ProjectConfigurationPlatforms) = postSolution
		{D66624A2-B2DA-4DA2-817E-DBA54EEDD2A7}.Debug|Any CPU.ActiveCfg = Debug|Any CPU
		{D66624A2-B2DA-4DA2-817E-DBA54EEDD2A7}.Debug|Any CPU.Build.0 = Debug|Any CPU
		{D66624A2-B2DA-4DA2-817E-DBA54EEDD2A7}.Release|Any CPU.ActiveCfg = Release|Any CPU
		{D66624A2-B2DA-4DA2-817E-DBA54EEDD2A7}.Release|Any CPU.Build.0 = Release|Any CPU
		{9B301679-A05D-4BED-8C45-F45E4311089A}.Debug|Any CPU.ActiveCfg = Debug|Any CPU
		{9B301679-A05D-4BED-8C45-F45E4311089A}.Debug|Any CPU.Build.0 = Debug|Any CPU
		{9B301679-A05D-4BED-8C45-F45E4311089A}.Release|Any CPU.ActiveCfg = Release|Any CPU
		{9B301679-A05D-4BED-8C45-F45E4311089A}.Release|Any CPU.Build.0 = Release|Any CPU
		{66792CB8-92B0-4915-BE84-81CC75E38E7C}.Debug|Any CPU.ActiveCfg = Debug|Any CPU
		{66792CB8-92B0-4915-BE84-81CC75E38E7C}.Debug|Any CPU.Build.0 = Debug|Any CPU
		{66792CB8-92B0-4915-BE84-81CC75E38E7C}.Release|Any CPU.ActiveCfg = Release|Any CPU
		{66792CB8-92B0-4915-BE84-81CC75E38E7C}.Release|Any CPU.Build.0 = Release|Any CPU
	EndGlobalSection
	GlobalSection(SolutionProperties) = preSolution
		HideSolutionNode = FALSE
	EndGlobalSection
	GlobalSection(ExtensibilityGlobals) = postSolution
		SolutionGuid = {B8C33833-D58B-4A0E-8F39-88B4B4FDA55B}
	EndGlobalSection
EndGlobal
